schema: '2.0'
stages:
  data_preparation:
    cmd: python src/stage_01_prepare_data.py
    deps:
    - path: data/data.xml
      md5: a304afb96060aad90176268345e10355
      size: 37891850
    - path: src/stage_01_prepare_data.py
      md5: 69150ee866a7bc65380c549957a2fdfe
      size: 2253
    - path: src/utils
      md5: 61f59a804df489a5944d35c6028b1047.dir
      size: 9222
      nfiles: 9
    outs:
    - path: artifacts/prepared
      md5: dc639257fd7e43c167de7349d66763c4.dir
      size: 23886351
      nfiles: 2
  featurization:
    cmd: python src/stage_02_featurization.py
    deps:
    - path: artifacts/prepared
      md5: dc639257fd7e43c167de7349d66763c4.dir
      size: 23886351
      nfiles: 2
    - path: src/stage_02_featurization.py
      md5: 9d46040dd39d0beeac428287c7f39cb3
      size: 3127
    - path: src/utils
      md5: 61f59a804df489a5944d35c6028b1047.dir
      size: 9222
      nfiles: 9
    outs:
    - path: artifacts/features
      md5: 91bde66915efa3a586b846bd5ed04915.dir
      size: 12272726
      nfiles: 2
  train:
    cmd: python src/stage_03_train.py
    deps:
    - path: artifacts/features
      md5: 91bde66915efa3a586b846bd5ed04915.dir
      size: 12272726
      nfiles: 2
    - path: src/stage_03_train.py
      md5: e5dda9fe6723ac4d112a8b7ceb6975b3
      size: 2497
    - path: src/utils
      md5: 61f59a804df489a5944d35c6028b1047.dir
      size: 9222
      nfiles: 9
    outs:
    - path: artifacts/model/model.pkl
      md5: 79c0d40d73615f9b7dc5bc3b90089315
      size: 3127600
  evaluate:
    cmd: python src/stage_04_evaluate.py
    deps:
    - path: artifacts/features/test.pkl
      md5: 660172565def8c7341a9e1d690bda847
      size: 3713963
    - path: artifacts/model/model.pkl
      md5: 79c0d40d73615f9b7dc5bc3b90089315
      size: 3127600
    - path: src/stage_04_evaluate.py
      md5: e1bdf322580da89df61a32d9ef94b408
      size: 3547
    - path: src/utils
      md5: 61f59a804df489a5944d35c6028b1047.dir
      size: 9222
      nfiles: 9
    outs:
    - path: prc.json
      md5: e4a2ccaf1b0689ce4278fc009301b693
      size: 140913
    - path: roc.json
      md5: 6698a6e65203558413960e6ee955e2c2
      size: 138910
    - path: scores.json
      md5: 998d585d339f75a78e5691960b51a995
      size: 76
